
Microsoft Visual Studio Solution File, Format Version 12.00
# Visual Studio 14
VisualStudioVersion = 14.0.25420.1
MinimumVisualStudioVersion = 10.0.40219.1
Project("{F184B08F-C81C-45F6-A57F-5ABD9991F28F}") = "WindowsApplication7", "WindowsApplication7.vbproj", "{61302931-7D0A-418B-A8CF-8A70AB87BACB}"
EndProject
Global
	GlobalSection(SolutionConfigurationPlatforms) = preSolution
		Debug|Any CPU = Debug|Any CPU
		Release|Any CPU = Release|Any CPU
	EndGlobalSection
	GlobalSection(ProjectConfigurationPlatforms) = postSolution
		{61302931-7D0A-418B-A8CF-8A70AB87BACB}.Debug|Any CPU.ActiveCfg = Debug|Any CPU
		{61302931-7D0A-418B-A8CF-8A70AB87BACB}.Debug|Any CPU.Build.0 = Debug|Any CPU
		{61302931-7D0A-418B-A8CF-8A70AB87BACB}.Release|Any CPU.ActiveCfg = Release|Any CPU
		{61302931-7D0A-418B-A8CF-8A70AB87BACB}.Release|Any CPU.Build.0 = Release|Any CPU
	EndGlobalSection
	GlobalSection(SolutionProperties) = preSolution
		HideSolutionNode = FALSE
	EndGlobalSection
EndGlobal
